{
  "name": "js",
  "lockfileVersion": 2,
  "requires": true,
  "packages": {
    "": {
      "dependencies": {
        "colored.js": "^1.0.4"
      }
    },
    "node_modules/colored.js": {
      "version": "1.0.6",
      "resolved": "https://registry.npmjs.org/colored.js/-/colored.js-1.0.6.tgz",
      "integrity": "sha512-T7Mo3vNvTQcFtiXg+efxISZigN3LmKquKcFmFmMyQwCq7X5cKZmOqsS5Q5CdfhnYFBNkiDvJIpZ0hv25FfwEHA=="
    }
  },
  "dependencies": {
    "colored.js": {
      "version": "1.0.6",
      "resolved": "https://registry.npmjs.org/colored.js/-/colored.js-1.0.6.tgz",
      "integrity": "sha512-T7Mo3vNvTQcFtiXg+efxISZigN3LmKquKcFmFmMyQwCq7X5cKZmOqsS5Q5CdfhnYFBNkiDvJIpZ0hv25FfwEHA=="
    }
  }
}
