{
  "name": "cli-chat",
  "lockfileVersion": 2,
  "requires": true,
  "packages": {
    "": {
      "dependencies": {
        "colored.js": "^1.0.4"
      }
    },
    "node_modules/colored.js": {
      "version": "1.0.4",
      "resolved": "https://registry.npmjs.org/colored.js/-/colored.js-1.0.4.tgz",
      "integrity": "sha512-fsvh5sfsFbCdXGyGYLN41gltsivrqjv25jT+6HtZnROVIFBbqFRbtFMcT/zgIRwtZfZ5BP6QId8CjWMg2xZN+w=="
    }
  },
  "dependencies": {
    "colored.js": {
      "version": "1.0.4",
      "resolved": "https://registry.npmjs.org/colored.js/-/colored.js-1.0.4.tgz",
      "integrity": "sha512-fsvh5sfsFbCdXGyGYLN41gltsivrqjv25jT+6HtZnROVIFBbqFRbtFMcT/zgIRwtZfZ5BP6QId8CjWMg2xZN+w=="
    }
  }
}
